
Microsoft Visual Studio Solution File, Format Version 12.00
Project("{FAE04EC0-301F-11D3-BF4B-00C04F79EFBC}") = "Calendar.Web", "Calendar.Web\Calendar.Web.csproj", "{F65A1D9E-1A3B-4D37-A466-3F7BB0A4BA01}"
EndProject
Project("{FAE04EC0-301F-11D3-BF4B-00C04F79EFBC}") = "Calendar.Common", "Calendar.Common\Calendar.Common.csproj", "{A14E6294-3C2D-44AE-B373-075F3ACAFFB9}"
EndProject
Project("{FAE04EC0-301F-11D3-BF4B-00C04F79EFBC}") = "Calendar.Models", "Calendar.Models\Calendar.Models.csproj", "{5C69D3BA-AB01-4B92-859D-D9DD05358720}"
EndProject
Project("{FAE04EC0-301F-11D3-BF4B-00C04F79EFBC}") = "Calendar.BLL", "Calendar.BLL\Calendar.BLL.csproj", "{646CF15C-4213-44F3-BF8A-D8BE1DB6C62A}"
EndProject
Project("{FAE04EC0-301F-11D3-BF4B-00C04F79EFBC}") = "Calendar.DAL", "Calendar.DAL\Calendar.DAL.csproj", "{2CEB50F0-532F-417B-ACC0-7CFE38F304A6}"
EndProject
Project("{FAE04EC0-301F-11D3-BF4B-00C04F79EFBC}") = "Calendar.Entities", "Calendar.Entities\Calendar.Entities.csproj", "{A6DCDA72-ED96-4679-86DC-FE73FA8733E4}"
EndProject
Project("{FAE04EC0-301F-11D3-BF4B-00C04F79EFBC}") = "Calendar.Seed", "Calendar.Seed\Calendar.Seed.csproj", "{E2C22078-2BFE-4834-93F5-67FAED272A68}"
EndProject
Global
	GlobalSection(SolutionConfigurationPlatforms) = preSolution
		Debug|Any CPU = Debug|Any CPU
		Release|Any CPU = Release|Any CPU
	EndGlobalSection
	GlobalSection(ProjectConfigurationPlatforms) = postSolution
		{F65A1D9E-1A3B-4D37-A466-3F7BB0A4BA01}.Debug|Any CPU.ActiveCfg = Debug|Any CPU
		{F65A1D9E-1A3B-4D37-A466-3F7BB0A4BA01}.Debug|Any CPU.Build.0 = Debug|Any CPU
		{F65A1D9E-1A3B-4D37-A466-3F7BB0A4BA01}.Release|Any CPU.ActiveCfg = Release|Any CPU
		{F65A1D9E-1A3B-4D37-A466-3F7BB0A4BA01}.Release|Any CPU.Build.0 = Release|Any CPU
		{A14E6294-3C2D-44AE-B373-075F3ACAFFB9}.Debug|Any CPU.ActiveCfg = Debug|Any CPU
		{A14E6294-3C2D-44AE-B373-075F3ACAFFB9}.Debug|Any CPU.Build.0 = Debug|Any CPU
		{A14E6294-3C2D-44AE-B373-075F3ACAFFB9}.Release|Any CPU.ActiveCfg = Release|Any CPU
		{A14E6294-3C2D-44AE-B373-075F3ACAFFB9}.Release|Any CPU.Build.0 = Release|Any CPU
		{5C69D3BA-AB01-4B92-859D-D9DD05358720}.Debug|Any CPU.ActiveCfg = Debug|Any CPU
		{5C69D3BA-AB01-4B92-859D-D9DD05358720}.Debug|Any CPU.Build.0 = Debug|Any CPU
		{5C69D3BA-AB01-4B92-859D-D9DD05358720}.Release|Any CPU.ActiveCfg = Release|Any CPU
		{5C69D3BA-AB01-4B92-859D-D9DD05358720}.Release|Any CPU.Build.0 = Release|Any CPU
		{646CF15C-4213-44F3-BF8A-D8BE1DB6C62A}.Debug|Any CPU.ActiveCfg = Debug|Any CPU
		{646CF15C-4213-44F3-BF8A-D8BE1DB6C62A}.Debug|Any CPU.Build.0 = Debug|Any CPU
		{646CF15C-4213-44F3-BF8A-D8BE1DB6C62A}.Release|Any CPU.ActiveCfg = Release|Any CPU
		{646CF15C-4213-44F3-BF8A-D8BE1DB6C62A}.Release|Any CPU.Build.0 = Release|Any CPU
		{2CEB50F0-532F-417B-ACC0-7CFE38F304A6}.Debug|Any CPU.ActiveCfg = Debug|Any CPU
		{2CEB50F0-532F-417B-ACC0-7CFE38F304A6}.Debug|Any CPU.Build.0 = Debug|Any CPU
		{2CEB50F0-532F-417B-ACC0-7CFE38F304A6}.Release|Any CPU.ActiveCfg = Release|Any CPU
		{2CEB50F0-532F-417B-ACC0-7CFE38F304A6}.Release|Any CPU.Build.0 = Release|Any CPU
		{A6DCDA72-ED96-4679-86DC-FE73FA8733E4}.Debug|Any CPU.ActiveCfg = Debug|Any CPU
		{A6DCDA72-ED96-4679-86DC-FE73FA8733E4}.Debug|Any CPU.Build.0 = Debug|Any CPU
		{A6DCDA72-ED96-4679-86DC-FE73FA8733E4}.Release|Any CPU.ActiveCfg = Release|Any CPU
		{A6DCDA72-ED96-4679-86DC-FE73FA8733E4}.Release|Any CPU.Build.0 = Release|Any CPU
		{E2C22078-2BFE-4834-93F5-67FAED272A68}.Debug|Any CPU.ActiveCfg = Debug|Any CPU
		{E2C22078-2BFE-4834-93F5-67FAED272A68}.Debug|Any CPU.Build.0 = Debug|Any CPU
		{E2C22078-2BFE-4834-93F5-67FAED272A68}.Release|Any CPU.ActiveCfg = Release|Any CPU
		{E2C22078-2BFE-4834-93F5-67FAED272A68}.Release|Any CPU.Build.0 = Release|Any CPU
	EndGlobalSection
EndGlobal
